
Microsoft Visual Studio Solution File, Format Version 12.00
# Visual Studio Version 16
VisualStudioVersion = 16.0.31624.102
MinimumVisualStudioVersion = 10.0.40219.1
Project("{FAE04EC0-301F-11D3-BF4B-00C04F79EFBC}") = "TretieGUI", "TretieGUI\TretieGUI.csproj", "{D848FF6E-F7A2-44AB-AAD0-B1763E0500C2}"
EndProject
Project("{FAE04EC0-301F-11D3-BF4B-00C04F79EFBC}") = "TretieGUITests", "TretieGUITests\TretieGUITests.csproj", "{01FDBFBB-C0FD-4BB1-B88D-652E19B524EE}"
EndProject
Global
	GlobalSection(SolutionConfigurationPlatforms) = preSolution
		Debug|Any CPU = Debug|Any CPU
		Release|Any CPU = Release|Any CPU
	EndGlobalSection
	GlobalSection(ProjectConfigurationPlatforms) = postSolution
		{D848FF6E-F7A2-44AB-AAD0-B1763E0500C2}.Debug|Any CPU.ActiveCfg = Debug|Any CPU
		{D848FF6E-F7A2-44AB-AAD0-B1763E0500C2}.Debug|Any CPU.Build.0 = Debug|Any CPU
		{D848FF6E-F7A2-44AB-AAD0-B1763E0500C2}.Release|Any CPU.ActiveCfg = Release|Any CPU
		{D848FF6E-F7A2-44AB-AAD0-B1763E0500C2}.Release|Any CPU.Build.0 = Release|Any CPU
		{01FDBFBB-C0FD-4BB1-B88D-652E19B524EE}.Debug|Any CPU.ActiveCfg = Debug|Any CPU
		{01FDBFBB-C0FD-4BB1-B88D-652E19B524EE}.Debug|Any CPU.Build.0 = Debug|Any CPU
		{01FDBFBB-C0FD-4BB1-B88D-652E19B524EE}.Release|Any CPU.ActiveCfg = Release|Any CPU
		{01FDBFBB-C0FD-4BB1-B88D-652E19B524EE}.Release|Any CPU.Build.0 = Release|Any CPU
	EndGlobalSection
	GlobalSection(SolutionProperties) = preSolution
		HideSolutionNode = FALSE
	EndGlobalSection
	GlobalSection(ExtensibilityGlobals) = postSolution
		SolutionGuid = {9DFA7787-E32B-4F97-BED9-47344955EAC8}
	EndGlobalSection
EndGlobal
